
Microsoft Visual Studio Solution File, Format Version 12.00
# Visual Studio Version 16
VisualStudioVersion = 16.0.31205.134
MinimumVisualStudioVersion = 10.0.40219.1
Project("{FAE04EC0-301F-11D3-BF4B-00C04F79EFBC}") = "Devinium", "Devinium\Devinium.csproj", "{C1DD8420-092F-424C-B183-04EEBE1B0FAF}"
EndProject
Global
	GlobalSection(SolutionConfigurationPlatforms) = preSolution
		Debug|Any CPU = Debug|Any CPU
		Release|Any CPU = Release|Any CPU
	EndGlobalSection
	GlobalSection(ProjectConfigurationPlatforms) = postSolution
		{C1DD8420-092F-424C-B183-04EEBE1B0FAF}.Debug|Any CPU.ActiveCfg = Debug|Any CPU
		{C1DD8420-092F-424C-B183-04EEBE1B0FAF}.Debug|Any CPU.Build.0 = Debug|Any CPU
		{C1DD8420-092F-424C-B183-04EEBE1B0FAF}.Release|Any CPU.ActiveCfg = Release|Any CPU
		{C1DD8420-092F-424C-B183-04EEBE1B0FAF}.Release|Any CPU.Build.0 = Release|Any CPU
	EndGlobalSection
	GlobalSection(SolutionProperties) = preSolution
		HideSolutionNode = FALSE
	EndGlobalSection
	GlobalSection(ExtensibilityGlobals) = postSolution
		SolutionGuid = {485E9A5C-D0CD-4825-B053-D25AEE4FA86A}
	EndGlobalSection
EndGlobal
